
Microsoft Visual Studio Solution File, Format Version 12.00
# Visual Studio Version 17
VisualStudioVersion = 17.8.34212.112
MinimumVisualStudioVersion = 10.0.40219.1
Project("{9A19103F-16F7-4668-BE54-9A1E7A4F7556}") = "HttpsDemo", "HttpsDemo\HttpsDemo.csproj", "{EFAB9CF1-4908-479D-B0F3-156DE7F00D83}"
EndProject
Project("{2150E333-8FDC-42A3-9474-1A3956D46DE8}") = "解决方案项", "解决方案项", "{0D2F62BF-7E4C-4C91-9BD5-227899F79098}"
	ProjectSection(SolutionItems) = preProject
		.dockerignore = .dockerignore
		.editorconfig = .editorconfig
		.gitattributes = .gitattributes
		.gitignore = .gitignore
		docker-compose.yml = docker-compose.yml
		HttpsDemo\Readmd.md = HttpsDemo\Readmd.md
	EndProjectSection
EndProject
Global
	GlobalSection(SolutionConfigurationPlatforms) = preSolution
		Debug|Any CPU = Debug|Any CPU
		Release|Any CPU = Release|Any CPU
	EndGlobalSection
	GlobalSection(ProjectConfigurationPlatforms) = postSolution
		{EFAB9CF1-4908-479D-B0F3-156DE7F00D83}.Debug|Any CPU.ActiveCfg = Debug|Any CPU
		{EFAB9CF1-4908-479D-B0F3-156DE7F00D83}.Debug|Any CPU.Build.0 = Debug|Any CPU
		{EFAB9CF1-4908-479D-B0F3-156DE7F00D83}.Release|Any CPU.ActiveCfg = Release|Any CPU
		{EFAB9CF1-4908-479D-B0F3-156DE7F00D83}.Release|Any CPU.Build.0 = Release|Any CPU
	EndGlobalSection
	GlobalSection(SolutionProperties) = preSolution
		HideSolutionNode = FALSE
	EndGlobalSection
	GlobalSection(ExtensibilityGlobals) = postSolution
		SolutionGuid = {DAE00D6A-D466-48DC-A47B-E6132EF1BBC3}
	EndGlobalSection
EndGlobal
